// !$*UTF8*$!
{
	archiveVersion = 1;
	classes = {
	};
	objectVersion = 56;
	objects = {

/* Begin PBXBuildFile section */
		BB6100102C131424B7C33293 /* SeriousGrowthApp.swift in Sources */ = {isa = PBXBuildFile; fileRef = 02E8BB8C153A6D3CDD6A1F04 /* SeriousGrowthApp.swift */; };
		180A97DAB940EB9573C39701 /* ContentView.swift in Sources */ = {isa = PBXBuildFile; fileRef = E08E6686B99D2C3ABB72ED65 /* ContentView.swift */; };
		931F636B29C384E74DCA0598 /* DataModels.swift in Sources */ = {isa = PBXBuildFile; fileRef = 747177747B2DE34322F25F64 /* DataModels.swift */; };
		38F7BF6549A215C4370EB744 /* ProgramData.swift in Sources */ = {isa = PBXBuildFile; fileRef = B164D8F2AA0BC463C8AE02AF /* ProgramData.swift */; };
		CD561C423AB59D793AB69054 /* ExerciseLibrary.swift in Sources */ = {isa = PBXBuildFile; fileRef = 726B706C793A6074BACA1BC9 /* ExerciseLibrary.swift */; };
		858D75BE2A241DA165CAF4BD /* HomeView.swift in Sources */ = {isa = PBXBuildFile; fileRef = F229429F86A598F32C3E640D /* HomeView.swift */; };
		4ACD37439A4C8AE857299111 /* WorkoutSessionView.swift in Sources */ = {isa = PBXBuildFile; fileRef = 703B832A27D4F52C698DC4DA /* WorkoutSessionView.swift */; };
		D258D9C6B25F4CCA25618225 /* HistoryView.swift in Sources */ = {isa = PBXBuildFile; fileRef = 36678D965B4E3799A7EC46E4 /* HistoryView.swift */; };
		8143B12D5EEF72B1D9A7E1AA /* ExercisesView.swift in Sources */ = {isa = PBXBuildFile; fileRef = 974099F1CC68766835C2FD40 /* ExercisesView.swift */; };
		2F5135299DAF69B37A54BA47 /* CardioView.swift in Sources */ = {isa = PBXBuildFile; fileRef = 114BA8840E3BDBD1AE7DE6A7 /* CardioView.swift */; };
		F3F7155D9F418786A3E580FE /* SettingsView.swift in Sources */ = {isa = PBXBuildFile; fileRef = 1D536C60D6BAC7F5F2B7E397 /* SettingsView.swift */; };
		95F893ABF8DE2704294E63B9 /* Assets.xcassets in Resources */ = {isa = PBXBuildFile; fileRef = 9788A1872451B15183194D45 /* Assets.xcassets */; };
		95F893ABF8DE2704294E63B9 /* Assets.xcassets in Resources */
/* End PBXBuildFile section */

/* Begin PBXFileReference section */
		02E8BB8C153A6D3CDD6A1F04 /* SeriousGrowthApp.swift */ = {isa = PBXFileReference; lastKnownFileType = sourcecode.swift; path = "SeriousGrowthApp.swift"; sourceTree = "<group>"; };
		E08E6686B99D2C3ABB72ED65 /* ContentView.swift */ = {isa = PBXFileReference; lastKnownFileType = sourcecode.swift; path = "ContentView.swift"; sourceTree = "<group>"; };
		747177747B2DE34322F25F64 /* DataModels.swift */ = {isa = PBXFileReference; lastKnownFileType = sourcecode.swift; path = "DataModels.swift"; sourceTree = "<group>"; };
		B164D8F2AA0BC463C8AE02AF /* ProgramData.swift */ = {isa = PBXFileReference; lastKnownFileType = sourcecode.swift; path = "ProgramData.swift"; sourceTree = "<group>"; };
		726B706C793A6074BACA1BC9 /* ExerciseLibrary.swift */ = {isa = PBXFileReference; lastKnownFileType = sourcecode.swift; path = "ExerciseLibrary.swift"; sourceTree = "<group>"; };
		F229429F86A598F32C3E640D /* HomeView.swift */ = {isa = PBXFileReference; lastKnownFileType = sourcecode.swift; path = "HomeView.swift"; sourceTree = "<group>"; };
		703B832A27D4F52C698DC4DA /* WorkoutSessionView.swift */ = {isa = PBXFileReference; lastKnownFileType = sourcecode.swift; path = "WorkoutSessionView.swift"; sourceTree = "<group>"; };
		36678D965B4E3799A7EC46E4 /* HistoryView.swift */ = {isa = PBXFileReference; lastKnownFileType = sourcecode.swift; path = "HistoryView.swift"; sourceTree = "<group>"; };
		974099F1CC68766835C2FD40 /* ExercisesView.swift */ = {isa = PBXFileReference; lastKnownFileType = sourcecode.swift; path = "ExercisesView.swift"; sourceTree = "<group>"; };
		114BA8840E3BDBD1AE7DE6A7 /* CardioView.swift */ = {isa = PBXFileReference; lastKnownFileType = sourcecode.swift; path = "CardioView.swift"; sourceTree = "<group>"; };
		1D536C60D6BAC7F5F2B7E397 /* SettingsView.swift */ = {isa = PBXFileReference; lastKnownFileType = sourcecode.swift; path = "SettingsView.swift"; sourceTree = "<group>"; };
		5141EFFF35ACD6C51F274E4D /* SeriousGrowth.app */ = {isa = PBXFileReference; explicitFileType = wrapper.application; includeInIndex = 0; path = SeriousGrowth.app; sourceTree = BUILT_PRODUCTS_DIR; };
		C85FEB1C61E823139614A1CB /* SeriousGrowth.entitlements */ = {isa = PBXFileReference; lastKnownFileType = text.plist.entitlements; path = SeriousGrowth.entitlements; sourceTree = "<group>"; };
		9788A1872451B15183194D45 /* Assets.xcassets */ = {isa = PBXFileReference; lastKnownFileType = folder.assetcatalog; path = Assets.xcassets; sourceTree = "<group>"; };
/* End PBXFileReference section */

/* Begin PBXFrameworksBuildPhase section */
		A9E872B0C4F3AB11D258C39F /* Frameworks */ = {
			isa = PBXFrameworksBuildPhase;
			buildActionMask = 2147483647;
			files = (
			);
			runOnlyForDeploymentPostprocessing = 0;
		};
/* End PBXFrameworksBuildPhase section */

/* Begin PBXGroup section */

		B9B8DBC97B2054281802674F /* SeriousGrowth */ = {
			isa = PBXGroup;
			children = (
				1EA5FE75E2352406DC9F4345 /* Models */,
				D778815D691A486EF850AB00 /* Views */,
				02E8BB8C153A6D3CDD6A1F04 /* SeriousGrowthApp.swift */,
				E08E6686B99D2C3ABB72ED65 /* ContentView.swift */,
				C85FEB1C61E823139614A1CB /* SeriousGrowth.entitlements */,
				9788A1872451B15183194D45 /* Assets.xcassets */,
			);
			path = SeriousGrowth;
			sourceTree = "<group>";
		};
		1EA5FE75E2352406DC9F4345 /* Models */ = {
			isa = PBXGroup;
			children = (
				747177747B2DE34322F25F64 /* DataModels.swift */,
				B164D8F2AA0BC463C8AE02AF /* ProgramData.swift */,
				726B706C793A6074BACA1BC9 /* ExerciseLibrary.swift */,
			);
			path = Models;
			sourceTree = "<group>";
		};
		D778815D691A486EF850AB00 /* Views */ = {
			isa = PBXGroup;
			children = (
				F229429F86A598F32C3E640D /* HomeView.swift */,
				703B832A27D4F52C698DC4DA /* WorkoutSessionView.swift */,
				36678D965B4E3799A7EC46E4 /* HistoryView.swift */,
				974099F1CC68766835C2FD40 /* ExercisesView.swift */,
				114BA8840E3BDBD1AE7DE6A7 /* CardioView.swift */,
				1D536C60D6BAC7F5F2B7E397 /* SettingsView.swift */,
			);
			path = Views;
			sourceTree = "<group>";
		};
		5C3301D8292DBACEA69EE035 /* Products */ = {
			isa = PBXGroup;
			children = (
				5141EFFF35ACD6C51F274E4D /* SeriousGrowth.app */,
			);
			name = Products;
			sourceTree = "<group>";
		};
/* End PBXGroup section */

/* Begin PBXNativeTarget section */
		730950AD798A77AD508AA9E2 /* SeriousGrowth */ = {
			isa = PBXNativeTarget;
			buildConfigurationList = DF20DB5D5C98302CD8619B03 /* Build configuration list for PBXNativeTarget "SeriousGrowth" */;
			buildPhases = (
				7EE609159AC086BAB15FF998 /* Sources */,
				A9E872B0C4F3AB11D258C39F /* Frameworks */,
				A2892AFC2D88060C0AA91373 /* Resources */,
			);
			buildRules = (
			);
			dependencies = (
			);
			name = SeriousGrowth;
			packageProductDependencies = (
			);
			productName = SeriousGrowth;
			productReference = 5141EFFF35ACD6C51F274E4D /* SeriousGrowth.app */;
			productType = "com.apple.product-type.application";
		};
/* End PBXNativeTarget section */

/* Begin PBXProject section */
		1781F676DEDF5767F3243DB0 /* Project object */ = {
			isa = PBXProject;
			attributes = {
				BuildIndependentTargetsInParallel = 1;
				LastSwiftUpdateCheck = 1500;
				LastUpgradeCheck = 1500;
				TargetAttributes = {
					730950AD798A77AD508AA9E2 = {
						CreatedOnToolsVersion = 15.0;
					};
				};
			};
			buildConfigurationList = 0AFA0369E7D9841A09F4C744 /* Build configuration list for PBXProject "SeriousGrowth" */;
			compatibilityVersion = "Xcode 14.0";
			developmentRegion = en;
			hasScannedForEncodings = 0;
			knownRegions = (
				en,
				Base,
			);
			mainGroup = B9B8DBC97B2054281802674F;
			productRefGroup = 5C3301D8292DBACEA69EE035 /* Products */;
			projectDirPath = "";
			projectRoot = "";
			targets = (
				730950AD798A77AD508AA9E2 /* SeriousGrowth */,
			);
		};
/* End PBXProject section */

/* Begin PBXResourcesBuildPhase section */
		A2892AFC2D88060C0AA91373 /* Resources */ = {
			isa = PBXResourcesBuildPhase;
			buildActionMask = 2147483647;
			files = (
				95F893ABF8DE2704294E63B9 /* Assets.xcassets in Resources */,
			);
			runOnlyForDeploymentPostprocessing = 0;
		};
/* End PBXResourcesBuildPhase section */

/* Begin PBXSourcesBuildPhase section */
		7EE609159AC086BAB15FF998 /* Sources */ = {
			isa = PBXSourcesBuildPhase;
			buildActionMask = 2147483647;
			files = (
				BB6100102C131424B7C33293 /* SeriousGrowthApp.swift in Sources */,
				180A97DAB940EB9573C39701 /* ContentView.swift in Sources */,
				931F636B29C384E74DCA0598 /* DataModels.swift in Sources */,
				38F7BF6549A215C4370EB744 /* ProgramData.swift in Sources */,
				CD561C423AB59D793AB69054 /* ExerciseLibrary.swift in Sources */,
				858D75BE2A241DA165CAF4BD /* HomeView.swift in Sources */,
				4ACD37439A4C8AE857299111 /* WorkoutSessionView.swift in Sources */,
				D258D9C6B25F4CCA25618225 /* HistoryView.swift in Sources */,
				8143B12D5EEF72B1D9A7E1AA /* ExercisesView.swift in Sources */,
				2F5135299DAF69B37A54BA47 /* CardioView.swift in Sources */,
				F3F7155D9F418786A3E580FE /* SettingsView.swift in Sources */,
			);
			runOnlyForDeploymentPostprocessing = 0;
		};
/* End PBXSourcesBuildPhase section */

/* Begin XCBuildConfiguration section */
		075A3F45448538490E577636 /* Debug */ = {
			isa = XCBuildConfiguration;
			buildSettings = {
				ALWAYS_SEARCH_USER_PATHS = NO;
				ASSET_CATALOG_COMPILER_OPTIMIZATION = space;
				CLANG_ANALYZER_NONNULL = YES;
				CLANG_ANALYZER_NUMBER_OBJECT_CONVERSION = YES_AGGRESSIVE;
				CLANG_CXX_LANGUAGE_STANDARD = "gnu++20";
				CLANG_ENABLE_MODULES = YES;
				CLANG_ENABLE_OBJC_ARC = YES;
				CLANG_ENABLE_OBJC_WEAK = YES;
				CLANG_WARN_BLOCK_CAPTURE_AUTORELEASING = YES;
				CLANG_WARN_BOOL_CONVERSION = YES;
				CLANG_WARN_COMMA = YES;
				CLANG_WARN_CONSTANT_CONVERSION = YES;
				CLANG_WARN_DEPRECATED_OBJC_IMPLEMENTATIONS = YES;
				CLANG_WARN_DIRECT_OBJC_ISA_USAGE = YES_ERROR;
				CLANG_WARN_DOCUMENTATION_COMMENTS = YES;
				CLANG_WARN_EMPTY_BODY = YES;
				CLANG_WARN_ENUM_CONVERSION = YES;
				CLANG_WARN_INFINITE_RECURSION = YES;
				CLANG_WARN_INT_CONVERSION = YES;
				CLANG_WARN_NON_LITERAL_NULL_CONVERSION = YES;
				CLANG_WARN_OBJC_IMPLICIT_RETAIN_CYCLE = YES;
				CLANG_WARN_OBJC_LITERAL_CONVERSION = YES;
				CLANG_WARN_OBJC_ROOT_CLASS = YES_ERROR;
				CLANG_WARN_QUOTED_INCLUDE_IN_FRAMEWORK_HEADER = YES;
				CLANG_WARN_RANGE_LOOP_ANALYSIS = YES;
				CLANG_WARN_STRICT_PROTOTYPES = YES;
				CLANG_WARN_SUSPICIOUS_MOVE = YES;
				CLANG_WARN_UNGUARDED_AVAILABILITY = YES_AGGRESSIVE;
				CLANG_WARN_UNREACHABLE_CODE = YES;
				CLANG_WARN__DUPLICATE_METHOD_MATCH = YES;
				COPY_PHASE_STRIP = NO;
				DEBUG_INFORMATION_FORMAT = dwarf;
				ENABLE_STRICT_OBJC_MSGSEND = YES;
				ENABLE_TESTABILITY = YES;
				ENABLE_USER_SCRIPT_SANDBOXING = YES;
				GCC_C_LANGUAGE_STANDARD = gnu17;
				GCC_DYNAMIC_NO_PIC = NO;
				GCC_NO_COMMON_BLOCKS = YES;
				GCC_OPTIMIZATION_LEVEL = 0;
				GCC_PREPROCESSOR_DEFINITIONS = (
					"DEBUG=1",
					"$(inherited)",
				);
				GCC_WARN_64_TO_32_BIT_CONVERSION = YES;
				GCC_WARN_ABOUT_RETURN_TYPE = YES_ERROR;
				GCC_WARN_UNDECLARED_SELECTOR = YES;
				GCC_WARN_UNINITIALIZED_AUTOS = YES_AGGRESSIVE;
				GCC_WARN_UNUSED_FUNCTION = YES;
				GCC_WARN_UNUSED_VARIABLE = YES;
				IPHONEOS_DEPLOYMENT_TARGET = 17.0;
				MTL_ENABLE_DEBUG_INFO = INCLUDE_SOURCE;
				MTL_FAST_MATH = YES;
				ONLY_ACTIVE_ARCH = YES;
				SDKROOT = iphoneos;
				SWIFT_ACTIVE_COMPILATION_CONDITIONS = DEBUG;
				SWIFT_OPTIMIZATION_LEVEL = "-Onone";
			};
			name = Debug;
		};
		9E4B6119718769058EA9DAB2 /* Release */ = {
			isa = XCBuildConfiguration;
			buildSettings = {
				ALWAYS_SEARCH_USER_PATHS = NO;
				ASSET_CATALOG_COMPILER_OPTIMIZATION = space;
				CLANG_ANALYZER_NONNULL = YES;
				CLANG_CXX_LANGUAGE_STANDARD = "gnu++20";
				CLANG_ENABLE_MODULES = YES;
				CLANG_ENABLE_OBJC_ARC = YES;
				CLANG_ENABLE_OBJC_WEAK = YES;
				COPY_PHASE_STRIP = NO;
				DEBUG_INFORMATION_FORMAT = "dwarf-with-dsym";
				ENABLE_NS_ASSERTIONS = NO;
				ENABLE_STRICT_OBJC_MSGSEND = YES;
				ENABLE_USER_SCRIPT_SANDBOXING = YES;
				GCC_C_LANGUAGE_STANDARD = gnu17;
				GCC_NO_COMMON_BLOCKS = YES;
				GCC_WARN_64_TO_32_BIT_CONVERSION = YES;
				GCC_WARN_ABOUT_RETURN_TYPE = YES_ERROR;
				GCC_WARN_UNDECLARED_SELECTOR = YES;
				GCC_WARN_UNINITIALIZED_AUTOS = YES_AGGRESSIVE;
				GCC_WARN_UNUSED_FUNCTION = YES;
				GCC_WARN_UNUSED_VARIABLE = YES;
				IPHONEOS_DEPLOYMENT_TARGET = 17.0;
				MTL_FAST_MATH = YES;
				SDKROOT = iphoneos;
				SWIFT_COMPILATION_MODE = wholemodule;
				SWIFT_OPTIMIZATION_LEVEL = "-O";
				VALIDATE_PRODUCT = YES;
			};
			name = Release;
		};
		724B3B7D8A8406AFA68B2AF9 /* Debug */ = {
			isa = XCBuildConfiguration;
			buildSettings = {
				ASCETIC_ASSET_CATALOG_OPTIMIZATION = space;
				CODE_SIGN_ENTITLEMENTS = SeriousGrowth/SeriousGrowth.entitlements;
				CODE_SIGN_STYLE = Automatic;
				CURRENT_PROJECT_VERSION = 1;
				DEVELOPMENT_TEAM = "";
				INFOPLIST_FILE = SeriousGrowth/Info.plist;
				INFOPLIST_KEY_CFBundleDisplayName = "Serious Growth";
				INFOPLIST_KEY_UIApplicationSceneManifest_Generation = YES;
				INFOPLIST_KEY_UIApplicationSupportsIndirectInputEvents = YES;
				INFOPLIST_KEY_UILaunchScreen_Generation = YES;
				INFOPLIST_KEY_UISupportedInterfaceOrientations_iPad = "UIInterfaceOrientationPortrait UIInterfaceOrientationPortraitUpsideDown UIInterfaceOrientationLandscapeLeft UIInterfaceOrientationLandscapeRight";
				INFOPLIST_KEY_UISupportedInterfaceOrientations_iPhone = "UIInterfaceOrientationPortrait UIInterfaceOrientationLandscapeLeft UIInterfaceOrientationLandscapeRight";
				LE_SWIFT_VERSION = 5.0;
				MARKETING_VERSION = 1.0;
				PRODUCT_BUNDLE_IDENTIFIER = "com.seriousgrowth.app";
				PRODUCT_NAME = "$(TARGET_NAME)";
				SWIFT_EMIT_LOC_STRINGS = YES;
				SWIFT_VERSION = 5.0;
				TARGETED_DEVICE_FAMILY = "1,2";
			};
			name = Debug;
		};
		C8922FC82079E70FE1957F47 /* Release */ = {
			isa = XCBuildConfiguration;
			buildSettings = {
				CODE_SIGN_ENTITLEMENTS = SeriousGrowth/SeriousGrowth.entitlements;
				CODE_SIGN_STYLE = Automatic;
				CURRENT_PROJECT_VERSION = 1;
				DEVELOPMENT_TEAM = "";
				INFOPLIST_FILE = SeriousGrowth/Info.plist;
				INFOPLIST_KEY_CFBundleDisplayName = "Serious Growth";
				INFOPLIST_KEY_UIApplicationSceneManifest_Generation = YES;
				INFOPLIST_KEY_UIApplicationSupportsIndirectInputEvents = YES;
				INFOPLIST_KEY_UILaunchScreen_Generation = YES;
				INFOPLIST_KEY_UISupportedInterfaceOrientations_iPad = "UIInterfaceOrientationPortrait UIInterfaceOrientationPortraitUpsideDown UIInterfaceOrientationLandscapeLeft UIInterfaceOrientationLandscapeRight";
				INFOPLIST_KEY_UISupportedInterfaceOrientations_iPhone = "UIInterfaceOrientationPortrait UIInterfaceOrientationLandscapeLeft UIInterfaceOrientationLandscapeRight";
				LE_SWIFT_VERSION = 5.0;
				MARKETING_VERSION = 1.0;
				PRODUCT_BUNDLE_IDENTIFIER = "com.seriousgrowth.app";
				PRODUCT_NAME = "$(TARGET_NAME)";
				SWIFT_EMIT_LOC_STRINGS = YES;
				SWIFT_VERSION = 5.0;
				TARGETED_DEVICE_FAMILY = "1,2";
			};
			name = Release;
		};
/* End XCBuildConfiguration section */

/* Begin XCConfigurationList section */
		0AFA0369E7D9841A09F4C744 /* Build configuration list for PBXProject "SeriousGrowth" */ = {
			isa = XCConfigurationList;
			buildConfigurations = (
				075A3F45448538490E577636 /* Debug */,
				9E4B6119718769058EA9DAB2 /* Release */,
			);
			defaultConfigurationIsVisible = 0;
			defaultConfigurationName = Release;
		};
		DF20DB5D5C98302CD8619B03 /* Build configuration list for PBXNativeTarget "SeriousGrowth" */ = {
			isa = XCConfigurationList;
			buildConfigurations = (
				724B3B7D8A8406AFA68B2AF9 /* Debug */,
				C8922FC82079E70FE1957F47 /* Release */,
			);
			defaultConfigurationIsVisible = 0;
			defaultConfigurationName = Release;
		};
/* End XCConfigurationList section */

	};
	rootObject = 1781F676DEDF5767F3243DB0 /* Project object */;
}
